// !$*UTF8*$!
{
	archiveVersion = 1;
	classes = {
	};
	objectVersion = 46;
	objects = {

/* Begin PBXBuildFile section */
		9AD47EDDB16123E29E82D72A /* Pods_IDEA_Euro_2016.framework in Frameworks */ = {isa = PBXBuildFile; fileRef = A2AF8FD859627161CC289464 /* Pods_IDEA_Euro_2016.framework */; };
		FF44EBB81CFCAA0A0019DEDB /* ScheduleTableViewCell.swift in Sources */ = {isa = PBXBuildFile; fileRef = FF44EBB71CFCAA0A0019DEDB /* ScheduleTableViewCell.swift */; };
		FF44EBBA1CFCAA9C0019DEDB /* ScheduleViewController.swift in Sources */ = {isa = PBXBuildFile; fileRef = FF44EBB91CFCAA9C0019DEDB /* ScheduleViewController.swift */; };
		FF44EBBC1CFCAF8D0019DEDB /* Match.swift in Sources */ = {isa = PBXBuildFile; fileRef = FF44EBBB1CFCAF8D0019DEDB /* Match.swift */; };
		FFBE2AFD1CF6E5AF001BE1C2 /* AppDelegate.swift in Sources */ = {isa = PBXBuildFile; fileRef = FFBE2AFC1CF6E5AF001BE1C2 /* AppDelegate.swift */; };
		FFBE2B021CF6E5AF001BE1C2 /* Main.storyboard in Resources */ = {isa = PBXBuildFile; fileRef = FFBE2B001CF6E5AF001BE1C2 /* Main.storyboard */; };
		FFBE2B041CF6E5AF001BE1C2 /* Assets.xcassets in Resources */ = {isa = PBXBuildFile; fileRef = FFBE2B031CF6E5AF001BE1C2 /* Assets.xcassets */; };
		FFBE2B071CF6E5AF001BE1C2 /* LaunchScreen.storyboard in Resources */ = {isa = PBXBuildFile; fileRef = FFBE2B051CF6E5AF001BE1C2 /* LaunchScreen.storyboard */; };
		FFC0E9BD1CFC3B90003F75D3 /* Albania.png in Resources */ = {isa = PBXBuildFile; fileRef = FFC0E98C1CFC3B8F003F75D3 /* Albania.png */; };
		FFC0E9BE1CFC3B90003F75D3 /* Austria.png in Resources */ = {isa = PBXBuildFile; fileRef = FFC0E98D1CFC3B8F003F75D3 /* Austria.png */; };
		FFC0E9BF1CFC3B90003F75D3 /* Banner-Albania.jpg in Resources */ = {isa = PBXBuildFile; fileRef = FFC0E98E1CFC3B8F003F75D3 /* Banner-Albania.jpg */; };
		FFC0E9C01CFC3B90003F75D3 /* Banner-Austria.jpg in Resources */ = {isa = PBXBuildFile; fileRef = FFC0E98F1CFC3B8F003F75D3 /* Banner-Austria.jpg */; };
		FFC0E9C11CFC3B90003F75D3 /* Banner-Belgium.jpg in Resources */ = {isa = PBXBuildFile; fileRef = FFC0E9901CFC3B8F003F75D3 /* Banner-Belgium.jpg */; };
		FFC0E9C21CFC3B90003F75D3 /* Banner-Croatia.jpg in Resources */ = {isa = PBXBuildFile; fileRef = FFC0E9911CFC3B8F003F75D3 /* Banner-Croatia.jpg */; };
		FFC0E9C31CFC3B90003F75D3 /* Banner-Czech Republic.jpg in Resources */ = {isa = PBXBuildFile; fileRef = FFC0E9921CFC3B8F003F75D3 /* Banner-Czech Republic.jpg */; };
		FFC0E9C41CFC3B90003F75D3 /* Banner-England.jpg in Resources */ = {isa = PBXBuildFile; fileRef = FFC0E9931CFC3B8F003F75D3 /* Banner-England.jpg */; };
		FFC0E9C51CFC3B90003F75D3 /* Banner-France.jpg in Resources */ = {isa = PBXBuildFile; fileRef = FFC0E9941CFC3B8F003F75D3 /* Banner-France.jpg */; };
		FFC0E9C61CFC3B90003F75D3 /* Banner-Germany.jpg in Resources */ = {isa = PBXBuildFile; fileRef = FFC0E9951CFC3B8F003F75D3 /* Banner-Germany.jpg */; };
		FFC0E9C71CFC3B90003F75D3 /* Banner-Hungary.jpg in Resources */ = {isa = PBXBuildFile; fileRef = FFC0E9961CFC3B8F003F75D3 /* Banner-Hungary.jpg */; };
		FFC0E9C81CFC3B90003F75D3 /* Banner-Iceland.jpg in Resources */ = {isa = PBXBuildFile; fileRef = FFC0E9971CFC3B8F003F75D3 /* Banner-Iceland.jpg */; };
		FFC0E9C91CFC3B90003F75D3 /* Banner-Italy.jpg in Resources */ = {isa = PBXBuildFile; fileRef = FFC0E9981CFC3B90003F75D3 /* Banner-Italy.jpg */; };
		FFC0E9CA1CFC3B90003F75D3 /* Banner-Northern Ireland.jpg in Resources */ = {isa = PBXBuildFile; fileRef = FFC0E9991CFC3B90003F75D3 /* Banner-Northern Ireland.jpg */; };
		FFC0E9CB1CFC3B90003F75D3 /* Banner-Poland.jpg in Resources */ = {isa = PBXBuildFile; fileRef = FFC0E99A1CFC3B90003F75D3 /* Banner-Poland.jpg */; };
		FFC0E9CC1CFC3B90003F75D3 /* Banner-Portugal.jpg in Resources */ = {isa = PBXBuildFile; fileRef = FFC0E99B1CFC3B90003F75D3 /* Banner-Portugal.jpg */; };
		FFC0E9CD1CFC3B90003F75D3 /* Banner-Rep of Ireland.jpg in Resources */ = {isa = PBXBuildFile; fileRef = FFC0E99C1CFC3B90003F75D3 /* Banner-Rep of Ireland.jpg */; };
		FFC0E9CE1CFC3B90003F75D3 /* Banner-Romania.jpg in Resources */ = {isa = PBXBuildFile; fileRef = FFC0E99D1CFC3B90003F75D3 /* Banner-Romania.jpg */; };
		FFC0E9CF1CFC3B90003F75D3 /* Banner-Russia.jpg in Resources */ = {isa = PBXBuildFile; fileRef = FFC0E99E1CFC3B90003F75D3 /* Banner-Russia.jpg */; };
		FFC0E9D01CFC3B90003F75D3 /* Banner-Slovakia.jpg in Resources */ = {isa = PBXBuildFile; fileRef = FFC0E99F1CFC3B90003F75D3 /* Banner-Slovakia.jpg */; };
		FFC0E9D11CFC3B90003F75D3 /* Banner-Spain.jpg in Resources */ = {isa = PBXBuildFile; fileRef = FFC0E9A01CFC3B90003F75D3 /* Banner-Spain.jpg */; };
		FFC0E9D21CFC3B90003F75D3 /* Banner-Sweden.jpg in Resources */ = {isa = PBXBuildFile; fileRef = FFC0E9A11CFC3B90003F75D3 /* Banner-Sweden.jpg */; };
		FFC0E9D31CFC3B90003F75D3 /* Banner-Switzerland.jpg in Resources */ = {isa = PBXBuildFile; fileRef = FFC0E9A21CFC3B90003F75D3 /* Banner-Switzerland.jpg */; };
		FFC0E9D41CFC3B90003F75D3 /* Banner-Turkey.jpg in Resources */ = {isa = PBXBuildFile; fileRef = FFC0E9A31CFC3B90003F75D3 /* Banner-Turkey.jpg */; };
		FFC0E9D51CFC3B90003F75D3 /* Banner-Ukraine.jpg in Resources */ = {isa = PBXBuildFile; fileRef = FFC0E9A41CFC3B90003F75D3 /* Banner-Ukraine.jpg */; };
		FFC0E9D61CFC3B90003F75D3 /* Banner-Wales.jpg in Resources */ = {isa = PBXBuildFile; fileRef = FFC0E9A51CFC3B90003F75D3 /* Banner-Wales.jpg */; };
		FFC0E9D71CFC3B90003F75D3 /* Belgium.png in Resources */ = {isa = PBXBuildFile; fileRef = FFC0E9A61CFC3B90003F75D3 /* Belgium.png */; };
		FFC0E9D81CFC3B90003F75D3 /* Croatia.png in Resources */ = {isa = PBXBuildFile; fileRef = FFC0E9A71CFC3B90003F75D3 /* Croatia.png */; };
		FFC0E9D91CFC3B90003F75D3 /* Czech Republic.png in Resources */ = {isa = PBXBuildFile; fileRef = FFC0E9A81CFC3B90003F75D3 /* Czech Republic.png */; };
		FFC0E9DA1CFC3B90003F75D3 /* England.png in Resources */ = {isa = PBXBuildFile; fileRef = FFC0E9A91CFC3B90003F75D3 /* England.png */; };
		FFC0E9DB1CFC3B90003F75D3 /* Euro-Logo.jpg in Resources */ = {isa = PBXBuildFile; fileRef = FFC0E9AA1CFC3B90003F75D3 /* Euro-Logo.jpg */; };
		FFC0E9DC1CFC3B90003F75D3 /* France.png in Resources */ = {isa = PBXBuildFile; fileRef = FFC0E9AB1CFC3B90003F75D3 /* France.png */; };
		FFC0E9DD1CFC3B90003F75D3 /* Germany.png in Resources */ = {isa = PBXBuildFile; fileRef = FFC0E9AC1CFC3B90003F75D3 /* Germany.png */; };
		FFC0E9DE1CFC3B90003F75D3 /* Hungary.png in Resources */ = {isa = PBXBuildFile; fileRef = FFC0E9AD1CFC3B90003F75D3 /* Hungary.png */; };
		FFC0E9DF1CFC3B90003F75D3 /* Iceland.png in Resources */ = {isa = PBXBuildFile; fileRef = FFC0E9AE1CFC3B90003F75D3 /* Iceland.png */; };
		FFC0E9E01CFC3B90003F75D3 /* Italy.png in Resources */ = {isa = PBXBuildFile; fileRef = FFC0E9AF1CFC3B90003F75D3 /* Italy.png */; };
		FFC0E9E11CFC3B90003F75D3 /* Northern Ireland.png in Resources */ = {isa = PBXBuildFile; fileRef = FFC0E9B01CFC3B90003F75D3 /* Northern Ireland.png */; };
		FFC0E9E21CFC3B90003F75D3 /* Poland.png in Resources */ = {isa = PBXBuildFile; fileRef = FFC0E9B11CFC3B90003F75D3 /* Poland.png */; };
		FFC0E9E31CFC3B90003F75D3 /* Portugal.png in Resources */ = {isa = PBXBuildFile; fileRef = FFC0E9B21CFC3B90003F75D3 /* Portugal.png */; };
		FFC0E9E41CFC3B90003F75D3 /* Rep of Ireland.png in Resources */ = {isa = PBXBuildFile; fileRef = FFC0E9B31CFC3B90003F75D3 /* Rep of Ireland.png */; };
		FFC0E9E51CFC3B90003F75D3 /* Romania.png in Resources */ = {isa = PBXBuildFile; fileRef = FFC0E9B41CFC3B90003F75D3 /* Romania.png */; };
		FFC0E9E61CFC3B90003F75D3 /* Russia.png in Resources */ = {isa = PBXBuildFile; fileRef = FFC0E9B51CFC3B90003F75D3 /* Russia.png */; };
		FFC0E9E71CFC3B90003F75D3 /* Slovakia.png in Resources */ = {isa = PBXBuildFile; fileRef = FFC0E9B61CFC3B90003F75D3 /* Slovakia.png */; };
		FFC0E9E81CFC3B90003F75D3 /* Spain.png in Resources */ = {isa = PBXBuildFile; fileRef = FFC0E9B71CFC3B90003F75D3 /* Spain.png */; };
		FFC0E9E91CFC3B90003F75D3 /* Sweden.png in Resources */ = {isa = PBXBuildFile; fileRef = FFC0E9B81CFC3B90003F75D3 /* Sweden.png */; };
		FFC0E9EA1CFC3B90003F75D3 /* Switzerland.png in Resources */ = {isa = PBXBuildFile; fileRef = FFC0E9B91CFC3B90003F75D3 /* Switzerland.png */; };
		FFC0E9EB1CFC3B90003F75D3 /* Turkey.png in Resources */ = {isa = PBXBuildFile; fileRef = FFC0E9BA1CFC3B90003F75D3 /* Turkey.png */; };
		FFC0E9EC1CFC3B90003F75D3 /* Ukraine.png in Resources */ = {isa = PBXBuildFile; fileRef = FFC0E9BB1CFC3B90003F75D3 /* Ukraine.png */; };
		FFC0E9ED1CFC3B90003F75D3 /* Wales.png in Resources */ = {isa = PBXBuildFile; fileRef = FFC0E9BC1CFC3B90003F75D3 /* Wales.png */; };
		FFC0E9EF1CFC3C29003F75D3 /* Mascotte-France-Euro-2016.png in Resources */ = {isa = PBXBuildFile; fileRef = FFC0E9EE1CFC3C29003F75D3 /* Mascotte-France-Euro-2016.png */; };
		FFC0E9F21CFC3C90003F75D3 /* SplashViewController.swift in Sources */ = {isa = PBXBuildFile; fileRef = FFC0E9F11CFC3C90003F75D3 /* SplashViewController.swift */; };
		FFC0E9F41CFC3EFB003F75D3 /* bg.png in Resources */ = {isa = PBXBuildFile; fileRef = FFC0E9F31CFC3EFB003F75D3 /* bg.png */; };
		FFC0E9F61CFC4046003F75D3 /* logo.png in Resources */ = {isa = PBXBuildFile; fileRef = FFC0E9F51CFC4046003F75D3 /* logo.png */; };
		FFC0E9F81CFC442F003F75D3 /* banner.png in Resources */ = {isa = PBXBuildFile; fileRef = FFC0E9F71CFC442F003F75D3 /* banner.png */; };
		FFC0E9FA1CFC45F5003F75D3 /* ide.png in Resources */ = {isa = PBXBuildFile; fileRef = FFC0E9F91CFC45F5003F75D3 /* ide.png */; };
		FFC0E9FC1CFC4F94003F75D3 /* TeamsViewController.swift in Sources */ = {isa = PBXBuildFile; fileRef = FFC0E9FB1CFC4F94003F75D3 /* TeamsViewController.swift */; };
		FFC0E9FF1CFC5E85003F75D3 /* TeamsTableViewCell.swift in Sources */ = {isa = PBXBuildFile; fileRef = FFC0E9FE1CFC5E85003F75D3 /* TeamsTableViewCell.swift */; };
		FFC0EA021CFC601F003F75D3 /* Team.swift in Sources */ = {isa = PBXBuildFile; fileRef = FFC0EA011CFC601F003F75D3 /* Team.swift */; };
		FFC0EA041CFC6281003F75D3 /* GoogleService-Info.plist in Resources */ = {isa = PBXBuildFile; fileRef = FFC0EA031CFC6281003F75D3 /* GoogleService-Info.plist */; };
/* End PBXBuildFile section */

/* Begin PBXFileReference section */
		1006B649AA531C56F803EA6F /* Pods-IDEA Euro 2016.release.xcconfig */ = {isa = PBXFileReference; includeInIndex = 1; lastKnownFileType = text.xcconfig; name = "Pods-IDEA Euro 2016.release.xcconfig"; path = "Pods/Target Support Files/Pods-IDEA Euro 2016/Pods-IDEA Euro 2016.release.xcconfig"; sourceTree = "<group>"; };
		A2AF8FD859627161CC289464 /* Pods_IDEA_Euro_2016.framework */ = {isa = PBXFileReference; explicitFileType = wrapper.framework; includeInIndex = 0; path = Pods_IDEA_Euro_2016.framework; sourceTree = BUILT_PRODUCTS_DIR; };
		B46520088895ED5876DC9F97 /* Pods-IDEA Euro 2016.debug.xcconfig */ = {isa = PBXFileReference; includeInIndex = 1; lastKnownFileType = text.xcconfig; name = "Pods-IDEA Euro 2016.debug.xcconfig"; path = "Pods/Target Support Files/Pods-IDEA Euro 2016/Pods-IDEA Euro 2016.debug.xcconfig"; sourceTree = "<group>"; };
		FF44EBB71CFCAA0A0019DEDB /* ScheduleTableViewCell.swift */ = {isa = PBXFileReference; fileEncoding = 4; lastKnownFileType = sourcecode.swift; path = ScheduleTableViewCell.swift; sourceTree = "<group>"; };
		FF44EBB91CFCAA9C0019DEDB /* ScheduleViewController.swift */ = {isa = PBXFileReference; fileEncoding = 4; lastKnownFileType = sourcecode.swift; path = ScheduleViewController.swift; sourceTree = "<group>"; };
		FF44EBBB1CFCAF8D0019DEDB /* Match.swift */ = {isa = PBXFileReference; fileEncoding = 4; lastKnownFileType = sourcecode.swift; path = Match.swift; sourceTree = "<group>"; };
		FFBE2AF91CF6E5AF001BE1C2 /* IDEA Euro 2016.app */ = {isa = PBXFileReference; explicitFileType = wrapper.application; includeInIndex = 0; path = "IDEA Euro 2016.app"; sourceTree = BUILT_PRODUCTS_DIR; };
		FFBE2AFC1CF6E5AF001BE1C2 /* AppDelegate.swift */ = {isa = PBXFileReference; lastKnownFileType = sourcecode.swift; path = AppDelegate.swift; sourceTree = "<group>"; };
		FFBE2B011CF6E5AF001BE1C2 /* Base */ = {isa = PBXFileReference; lastKnownFileType = file.storyboard; name = Base; path = Base.lproj/Main.storyboard; sourceTree = "<group>"; };
		FFBE2B031CF6E5AF001BE1C2 /* Assets.xcassets */ = {isa = PBXFileReference; lastKnownFileType = folder.assetcatalog; path = Assets.xcassets; sourceTree = "<group>"; };
		FFBE2B061CF6E5AF001BE1C2 /* Base */ = {isa = PBXFileReference; lastKnownFileType = file.storyboard; name = Base; path = Base.lproj/LaunchScreen.storyboard; sourceTree = "<group>"; };
		FFBE2B081CF6E5AF001BE1C2 /* Info.plist */ = {isa = PBXFileReference; lastKnownFileType = text.plist.xml; path = Info.plist; sourceTree = "<group>"; };
		FFC0E98C1CFC3B8F003F75D3 /* Albania.png */ = {isa = PBXFileReference; lastKnownFileType = image.png; path = Albania.png; sourceTree = "<group>"; };
		FFC0E98D1CFC3B8F003F75D3 /* Austria.png */ = {isa = PBXFileReference; lastKnownFileType = image.png; path = Austria.png; sourceTree = "<group>"; };
		FFC0E98E1CFC3B8F003F75D3 /* Banner-Albania.jpg */ = {isa = PBXFileReference; lastKnownFileType = image.jpeg; path = "Banner-Albania.jpg"; sourceTree = "<group>"; };
		FFC0E98F1CFC3B8F003F75D3 /* Banner-Austria.jpg */ = {isa = PBXFileReference; lastKnownFileType = image.jpeg; path = "Banner-Austria.jpg"; sourceTree = "<group>"; };
		FFC0E9901CFC3B8F003F75D3 /* Banner-Belgium.jpg */ = {isa = PBXFileReference; lastKnownFileType = image.jpeg; path = "Banner-Belgium.jpg"; sourceTree = "<group>"; };
		FFC0E9911CFC3B8F003F75D3 /* Banner-Croatia.jpg */ = {isa = PBXFileReference; lastKnownFileType = image.jpeg; path = "Banner-Croatia.jpg"; sourceTree = "<group>"; };
		FFC0E9921CFC3B8F003F75D3 /* Banner-Czech Republic.jpg */ = {isa = PBXFileReference; lastKnownFileType = image.jpeg; path = "Banner-Czech Republic.jpg"; sourceTree = "<group>"; };
		FFC0E9931CFC3B8F003F75D3 /* Banner-England.jpg */ = {isa = PBXFileReference; lastKnownFileType = image.jpeg; path = "Banner-England.jpg"; sourceTree = "<group>"; };
		FFC0E9941CFC3B8F003F75D3 /* Banner-France.jpg */ = {isa = PBXFileReference; lastKnownFileType = image.jpeg; path = "Banner-France.jpg"; sourceTree = "<group>"; };
		FFC0E9951CFC3B8F003F75D3 /* Banner-Germany.jpg */ = {isa = PBXFileReference; lastKnownFileType = image.jpeg; path = "Banner-Germany.jpg"; sourceTree = "<group>"; };
		FFC0E9961CFC3B8F003F75D3 /* Banner-Hungary.jpg */ = {isa = PBXFileReference; lastKnownFileType = image.jpeg; path = "Banner-Hungary.jpg"; sourceTree = "<group>"; };
		FFC0E9971CFC3B8F003F75D3 /* Banner-Iceland.jpg */ = {isa = PBXFileReference; lastKnownFileType = image.jpeg; path = "Banner-Iceland.jpg"; sourceTree = "<group>"; };
		FFC0E9981CFC3B90003F75D3 /* Banner-Italy.jpg */ = {isa = PBXFileReference; lastKnownFileType = image.jpeg; path = "Banner-Italy.jpg"; sourceTree = "<group>"; };
		FFC0E9991CFC3B90003F75D3 /* Banner-Northern Ireland.jpg */ = {isa = PBXFileReference; lastKnownFileType = image.jpeg; path = "Banner-Northern Ireland.jpg"; sourceTree = "<group>"; };
		FFC0E99A1CFC3B90003F75D3 /* Banner-Poland.jpg */ = {isa = PBXFileReference; lastKnownFileType = image.jpeg; path = "Banner-Poland.jpg"; sourceTree = "<group>"; };
		FFC0E99B1CFC3B90003F75D3 /* Banner-Portugal.jpg */ = {isa = PBXFileReference; lastKnownFileType = image.jpeg; path = "Banner-Portugal.jpg"; sourceTree = "<group>"; };
		FFC0E99C1CFC3B90003F75D3 /* Banner-Rep of Ireland.jpg */ = {isa = PBXFileReference; lastKnownFileType = image.jpeg; path = "Banner-Rep of Ireland.jpg"; sourceTree = "<group>"; };
		FFC0E99D1CFC3B90003F75D3 /* Banner-Romania.jpg */ = {isa = PBXFileReference; lastKnownFileType = image.jpeg; path = "Banner-Romania.jpg"; sourceTree = "<group>"; };
		FFC0E99E1CFC3B90003F75D3 /* Banner-Russia.jpg */ = {isa = PBXFileReference; lastKnownFileType = image.jpeg; path = "Banner-Russia.jpg"; sourceTree = "<group>"; };
		FFC0E99F1CFC3B90003F75D3 /* Banner-Slovakia.jpg */ = {isa = PBXFileReference; lastKnownFileType = image.jpeg; path = "Banner-Slovakia.jpg"; sourceTree = "<group>"; };
		FFC0E9A01CFC3B90003F75D3 /* Banner-Spain.jpg */ = {isa = PBXFileReference; lastKnownFileType = image.jpeg; path = "Banner-Spain.jpg"; sourceTree = "<group>"; };
		FFC0E9A11CFC3B90003F75D3 /* Banner-Sweden.jpg */ = {isa = PBXFileReference; lastKnownFileType = image.jpeg; path = "Banner-Sweden.jpg"; sourceTree = "<group>"; };
		FFC0E9A21CFC3B90003F75D3 /* Banner-Switzerland.jpg */ = {isa = PBXFileReference; lastKnownFileType = image.jpeg; path = "Banner-Switzerland.jpg"; sourceTree = "<group>"; };
		FFC0E9A31CFC3B90003F75D3 /* Banner-Turkey.jpg */ = {isa = PBXFileReference; lastKnownFileType = image.jpeg; path = "Banner-Turkey.jpg"; sourceTree = "<group>"; };
		FFC0E9A41CFC3B90003F75D3 /* Banner-Ukraine.jpg */ = {isa = PBXFileReference; lastKnownFileType = image.jpeg; path = "Banner-Ukraine.jpg"; sourceTree = "<group>"; };
		FFC0E9A51CFC3B90003F75D3 /* Banner-Wales.jpg */ = {isa = PBXFileReference; lastKnownFileType = image.jpeg; path = "Banner-Wales.jpg"; sourceTree = "<group>"; };
		FFC0E9A61CFC3B90003F75D3 /* Belgium.png */ = {isa = PBXFileReference; lastKnownFileType = image.png; path = Belgium.png; sourceTree = "<group>"; };
		FFC0E9A71CFC3B90003F75D3 /* Croatia.png */ = {isa = PBXFileReference; lastKnownFileType = image.png; path = Croatia.png; sourceTree = "<group>"; };
		FFC0E9A81CFC3B90003F75D3 /* Czech Republic.png */ = {isa = PBXFileReference; lastKnownFileType = image.png; path = "Czech Republic.png"; sourceTree = "<group>"; };
		FFC0E9A91CFC3B90003F75D3 /* England.png */ = {isa = PBXFileReference; lastKnownFileType = image.png; path = England.png; sourceTree = "<group>"; };
		FFC0E9AA1CFC3B90003F75D3 /* Euro-Logo.jpg */ = {isa = PBXFileReference; lastKnownFileType = image.jpeg; path = "Euro-Logo.jpg"; sourceTree = "<group>"; };
		FFC0E9AB1CFC3B90003F75D3 /* France.png */ = {isa = PBXFileReference; lastKnownFileType = image.png; path = France.png; sourceTree = "<group>"; };
		FFC0E9AC1CFC3B90003F75D3 /* Germany.png */ = {isa = PBXFileReference; lastKnownFileType = image.png; path = Germany.png; sourceTree = "<group>"; };
		FFC0E9AD1CFC3B90003F75D3 /* Hungary.png */ = {isa = PBXFileReference; lastKnownFileType = image.png; path = Hungary.png; sourceTree = "<group>"; };
		FFC0E9AE1CFC3B90003F75D3 /* Iceland.png */ = {isa = PBXFileReference; lastKnownFileType = image.png; path = Iceland.png; sourceTree = "<group>"; };
		FFC0E9AF1CFC3B90003F75D3 /* Italy.png */ = {isa = PBXFileReference; lastKnownFileType = image.png; path = Italy.png; sourceTree = "<group>"; };
		FFC0E9B01CFC3B90003F75D3 /* Northern Ireland.png */ = {isa = PBXFileReference; lastKnownFileType = image.png; path = "Northern Ireland.png"; sourceTree = "<group>"; };
		FFC0E9B11CFC3B90003F75D3 /* Poland.png */ = {isa = PBXFileReference; lastKnownFileType = image.png; path = Poland.png; sourceTree = "<group>"; };
		FFC0E9B21CFC3B90003F75D3 /* Portugal.png */ = {isa = PBXFileReference; lastKnownFileType = image.png; path = Portugal.png; sourceTree = "<group>"; };
		FFC0E9B31CFC3B90003F75D3 /* Rep of Ireland.png */ = {isa = PBXFileReference; lastKnownFileType = image.png; path = "Rep of Ireland.png"; sourceTree = "<group>"; };
		FFC0E9B41CFC3B90003F75D3 /* Romania.png */ = {isa = PBXFileReference; lastKnownFileType = image.png; path = Romania.png; sourceTree = "<group>"; };
		FFC0E9B51CFC3B90003F75D3 /* Russia.png */ = {isa = PBXFileReference; lastKnownFileType = image.png; path = Russia.png; sourceTree = "<group>"; };
		FFC0E9B61CFC3B90003F75D3 /* Slovakia.png */ = {isa = PBXFileReference; lastKnownFileType = image.png; path = Slovakia.png; sourceTree = "<group>"; };
		FFC0E9B71CFC3B90003F75D3 /* Spain.png */ = {isa = PBXFileReference; lastKnownFileType = image.png; path = Spain.png; sourceTree = "<group>"; };
		FFC0E9B81CFC3B90003F75D3 /* Sweden.png */ = {isa = PBXFileReference; lastKnownFileType = image.png; path = Sweden.png; sourceTree = "<group>"; };
		FFC0E9B91CFC3B90003F75D3 /* Switzerland.png */ = {isa = PBXFileReference; lastKnownFileType = image.png; path = Switzerland.png; sourceTree = "<group>"; };
		FFC0E9BA1CFC3B90003F75D3 /* Turkey.png */ = {isa = PBXFileReference; lastKnownFileType = image.png; path = Turkey.png; sourceTree = "<group>"; };
		FFC0E9BB1CFC3B90003F75D3 /* Ukraine.png */ = {isa = PBXFileReference; lastKnownFileType = image.png; path = Ukraine.png; sourceTree = "<group>"; };
		FFC0E9BC1CFC3B90003F75D3 /* Wales.png */ = {isa = PBXFileReference; lastKnownFileType = image.png; path = Wales.png; sourceTree = "<group>"; };
		FFC0E9EE1CFC3C29003F75D3 /* Mascotte-France-Euro-2016.png */ = {isa = PBXFileReference; lastKnownFileType = image.png; path = "Mascotte-France-Euro-2016.png"; sourceTree = "<group>"; };
		FFC0E9F11CFC3C90003F75D3 /* SplashViewController.swift */ = {isa = PBXFileReference; fileEncoding = 4; lastKnownFileType = sourcecode.swift; path = SplashViewController.swift; sourceTree = "<group>"; };
		FFC0E9F31CFC3EFB003F75D3 /* bg.png */ = {isa = PBXFileReference; lastKnownFileType = image.png; path = bg.png; sourceTree = "<group>"; };
		FFC0E9F51CFC4046003F75D3 /* logo.png */ = {isa = PBXFileReference; lastKnownFileType = image.png; path = logo.png; sourceTree = "<group>"; };
		FFC0E9F71CFC442F003F75D3 /* banner.png */ = {isa = PBXFileReference; lastKnownFileType = image.png; path = banner.png; sourceTree = "<group>"; };
		FFC0E9F91CFC45F5003F75D3 /* ide.png */ = {isa = PBXFileReference; lastKnownFileType = image.png; path = ide.png; sourceTree = "<group>"; };
		FFC0E9FB1CFC4F94003F75D3 /* TeamsViewController.swift */ = {isa = PBXFileReference; fileEncoding = 4; lastKnownFileType = sourcecode.swift; path = TeamsViewController.swift; sourceTree = "<group>"; };
		FFC0E9FE1CFC5E85003F75D3 /* TeamsTableViewCell.swift */ = {isa = PBXFileReference; fileEncoding = 4; lastKnownFileType = sourcecode.swift; path = TeamsTableViewCell.swift; sourceTree = "<group>"; };
		FFC0EA011CFC601F003F75D3 /* Team.swift */ = {isa = PBXFileReference; fileEncoding = 4; lastKnownFileType = sourcecode.swift; path = Team.swift; sourceTree = "<group>"; };
		FFC0EA031CFC6281003F75D3 /* GoogleService-Info.plist */ = {isa = PBXFileReference; fileEncoding = 4; lastKnownFileType = text.plist.xml; path = "GoogleService-Info.plist"; sourceTree = "<group>"; };
/* End PBXFileReference section */

/* Begin PBXFrameworksBuildPhase section */
		FFBE2AF61CF6E5AF001BE1C2 /* Frameworks */ = {
			isa = PBXFrameworksBuildPhase;
			buildActionMask = 2147483647;
			files = (
				9AD47EDDB16123E29E82D72A /* Pods_IDEA_Euro_2016.framework in Frameworks */,
			);
			runOnlyForDeploymentPostprocessing = 0;
		};
/* End PBXFrameworksBuildPhase section */

/* Begin PBXGroup section */
		238CEEC23AA8F567F0D38814 /* Pods */ = {
			isa = PBXGroup;
			children = (
				B46520088895ED5876DC9F97 /* Pods-IDEA Euro 2016.debug.xcconfig */,
				1006B649AA531C56F803EA6F /* Pods-IDEA Euro 2016.release.xcconfig */,
			);
			name = Pods;
			sourceTree = "<group>";
		};
		EF14912CD2572D84967290B4 /* Frameworks */ = {
			isa = PBXGroup;
			children = (
				A2AF8FD859627161CC289464 /* Pods_IDEA_Euro_2016.framework */,
			);
			name = Frameworks;
			sourceTree = "<group>";
		};
		FFBE2AF01CF6E5AF001BE1C2 = {
			isa = PBXGroup;
			children = (
				FFBE2AFB1CF6E5AF001BE1C2 /* IDEA Euro 2016 */,
				FFBE2AFA1CF6E5AF001BE1C2 /* Products */,
				238CEEC23AA8F567F0D38814 /* Pods */,
				EF14912CD2572D84967290B4 /* Frameworks */,
			);
			sourceTree = "<group>";
		};
		FFBE2AFA1CF6E5AF001BE1C2 /* Products */ = {
			isa = PBXGroup;
			children = (
				FFBE2AF91CF6E5AF001BE1C2 /* IDEA Euro 2016.app */,
			);
			name = Products;
			sourceTree = "<group>";
		};
		FFBE2AFB1CF6E5AF001BE1C2 /* IDEA Euro 2016 */ = {
			isa = PBXGroup;
			children = (
				FFC0EA031CFC6281003F75D3 /* GoogleService-Info.plist */,
				FFC0EA001CFC600A003F75D3 /* Models */,
				FFC0E9FD1CFC5E74003F75D3 /* Cells */,
				FFC0E9F01CFC3C80003F75D3 /* Controllers */,
				FFC0E98B1CFC3B8F003F75D3 /* Teams */,
				FFBE2AFC1CF6E5AF001BE1C2 /* AppDelegate.swift */,
				FFBE2B001CF6E5AF001BE1C2 /* Main.storyboard */,
				FFBE2B031CF6E5AF001BE1C2 /* Assets.xcassets */,
				FFBE2B051CF6E5AF001BE1C2 /* LaunchScreen.storyboard */,
				FFBE2B081CF6E5AF001BE1C2 /* Info.plist */,
			);
			path = "IDEA Euro 2016";
			sourceTree = "<group>";
		};
		FFC0E98B1CFC3B8F003F75D3 /* Teams */ = {
			isa = PBXGroup;
			children = (
				FFC0E9F91CFC45F5003F75D3 /* ide.png */,
				FFC0E9F71CFC442F003F75D3 /* banner.png */,
				FFC0E9F51CFC4046003F75D3 /* logo.png */,
				FFC0E9F31CFC3EFB003F75D3 /* bg.png */,
				FFC0E9EE1CFC3C29003F75D3 /* Mascotte-France-Euro-2016.png */,
				FFC0E98C1CFC3B8F003F75D3 /* Albania.png */,
				FFC0E98D1CFC3B8F003F75D3 /* Austria.png */,
				FFC0E98E1CFC3B8F003F75D3 /* Banner-Albania.jpg */,
				FFC0E98F1CFC3B8F003F75D3 /* Banner-Austria.jpg */,
				FFC0E9901CFC3B8F003F75D3 /* Banner-Belgium.jpg */,
				FFC0E9911CFC3B8F003F75D3 /* Banner-Croatia.jpg */,
				FFC0E9921CFC3B8F003F75D3 /* Banner-Czech Republic.jpg */,
				FFC0E9931CFC3B8F003F75D3 /* Banner-England.jpg */,
				FFC0E9941CFC3B8F003F75D3 /* Banner-France.jpg */,
				FFC0E9951CFC3B8F003F75D3 /* Banner-Germany.jpg */,
				FFC0E9961CFC3B8F003F75D3 /* Banner-Hungary.jpg */,
				FFC0E9971CFC3B8F003F75D3 /* Banner-Iceland.jpg */,
				FFC0E9981CFC3B90003F75D3 /* Banner-Italy.jpg */,
				FFC0E9991CFC3B90003F75D3 /* Banner-Northern Ireland.jpg */,
				FFC0E99A1CFC3B90003F75D3 /* Banner-Poland.jpg */,
				FFC0E99B1CFC3B90003F75D3 /* Banner-Portugal.jpg */,
				FFC0E99C1CFC3B90003F75D3 /* Banner-Rep of Ireland.jpg */,
				FFC0E99D1CFC3B90003F75D3 /* Banner-Romania.jpg */,
				FFC0E99E1CFC3B90003F75D3 /* Banner-Russia.jpg */,
				FFC0E99F1CFC3B90003F75D3 /* Banner-Slovakia.jpg */,
				FFC0E9A01CFC3B90003F75D3 /* Banner-Spain.jpg */,
				FFC0E9A11CFC3B90003F75D3 /* Banner-Sweden.jpg */,
				FFC0E9A21CFC3B90003F75D3 /* Banner-Switzerland.jpg */,
				FFC0E9A31CFC3B90003F75D3 /* Banner-Turkey.jpg */,
				FFC0E9A41CFC3B90003F75D3 /* Banner-Ukraine.jpg */,
				FFC0E9A51CFC3B90003F75D3 /* Banner-Wales.jpg */,
				FFC0E9A61CFC3B90003F75D3 /* Belgium.png */,
				FFC0E9A71CFC3B90003F75D3 /* Croatia.png */,
				FFC0E9A81CFC3B90003F75D3 /* Czech Republic.png */,
				FFC0E9A91CFC3B90003F75D3 /* England.png */,
				FFC0E9AA1CFC3B90003F75D3 /* Euro-Logo.jpg */,
				FFC0E9AB1CFC3B90003F75D3 /* France.png */,
				FFC0E9AC1CFC3B90003F75D3 /* Germany.png */,
				FFC0E9AD1CFC3B90003F75D3 /* Hungary.png */,
				FFC0E9AE1CFC3B90003F75D3 /* Iceland.png */,
				FFC0E9AF1CFC3B90003F75D3 /* Italy.png */,
				FFC0E9B01CFC3B90003F75D3 /* Northern Ireland.png */,
				FFC0E9B11CFC3B90003F75D3 /* Poland.png */,
				FFC0E9B21CFC3B90003F75D3 /* Portugal.png */,
				FFC0E9B31CFC3B90003F75D3 /* Rep of Ireland.png */,
				FFC0E9B41CFC3B90003F75D3 /* Romania.png */,
				FFC0E9B51CFC3B90003F75D3 /* Russia.png */,
				FFC0E9B61CFC3B90003F75D3 /* Slovakia.png */,
				FFC0E9B71CFC3B90003F75D3 /* Spain.png */,
				FFC0E9B81CFC3B90003F75D3 /* Sweden.png */,
				FFC0E9B91CFC3B90003F75D3 /* Switzerland.png */,
				FFC0E9BA1CFC3B90003F75D3 /* Turkey.png */,
				FFC0E9BB1CFC3B90003F75D3 /* Ukraine.png */,
				FFC0E9BC1CFC3B90003F75D3 /* Wales.png */,
			);
			path = Teams;
			sourceTree = "<group>";
		};
		FFC0E9F01CFC3C80003F75D3 /* Controllers */ = {
			isa = PBXGroup;
			children = (
				FFC0E9F11CFC3C90003F75D3 /* SplashViewController.swift */,
				FFC0E9FB1CFC4F94003F75D3 /* TeamsViewController.swift */,
				FF44EBB91CFCAA9C0019DEDB /* ScheduleViewController.swift */,
			);
			path = Controllers;
			sourceTree = "<group>";
		};
		FFC0E9FD1CFC5E74003F75D3 /* Cells */ = {
			isa = PBXGroup;
			children = (
				FFC0E9FE1CFC5E85003F75D3 /* TeamsTableViewCell.swift */,
				FF44EBB71CFCAA0A0019DEDB /* ScheduleTableViewCell.swift */,
			);
			path = Cells;
			sourceTree = "<group>";
		};
		FFC0EA001CFC600A003F75D3 /* Models */ = {
			isa = PBXGroup;
			children = (
				FFC0EA011CFC601F003F75D3 /* Team.swift */,
				FF44EBBB1CFCAF8D0019DEDB /* Match.swift */,
			);
			path = Models;
			sourceTree = "<group>";
		};
/* End PBXGroup section */

/* Begin PBXNativeTarget section */
		FFBE2AF81CF6E5AF001BE1C2 /* IDEA Euro 2016 */ = {
			isa = PBXNativeTarget;
			buildConfigurationList = FFBE2B0B1CF6E5AF001BE1C2 /* Build configuration list for PBXNativeTarget "IDEA Euro 2016" */;
			buildPhases = (
				4DA3A225ACA344A323849683 /* 📦 Check Pods Manifest.lock */,
				FFBE2AF51CF6E5AF001BE1C2 /* Sources */,
				FFBE2AF61CF6E5AF001BE1C2 /* Frameworks */,
				FFBE2AF71CF6E5AF001BE1C2 /* Resources */,
				504A0770BAE3022B74290538 /* 📦 Embed Pods Frameworks */,
				525ECCE0AD02EC7F38CA628A /* 📦 Copy Pods Resources */,
			);
			buildRules = (
			);
			dependencies = (
			);
			name = "IDEA Euro 2016";
			productName = "IDEA Euro 2016";
			productReference = FFBE2AF91CF6E5AF001BE1C2 /* IDEA Euro 2016.app */;
			productType = "com.apple.product-type.application";
		};
/* End PBXNativeTarget section */

/* Begin PBXProject section */
		FFBE2AF11CF6E5AF001BE1C2 /* Project object */ = {
			isa = PBXProject;
			attributes = {
				LastSwiftUpdateCheck = 0730;
				LastUpgradeCheck = 0730;
				ORGANIZATIONNAME = "Long Hoang";
				TargetAttributes = {
					FFBE2AF81CF6E5AF001BE1C2 = {
						CreatedOnToolsVersion = 7.3.1;
					};
				};
			};
			buildConfigurationList = FFBE2AF41CF6E5AF001BE1C2 /* Build configuration list for PBXProject "IDEA Euro 2016" */;
			compatibilityVersion = "Xcode 3.2";
			developmentRegion = English;
			hasScannedForEncodings = 0;
			knownRegions = (
				en,
				Base,
			);
			mainGroup = FFBE2AF01CF6E5AF001BE1C2;
			productRefGroup = FFBE2AFA1CF6E5AF001BE1C2 /* Products */;
			projectDirPath = "";
			projectRoot = "";
			targets = (
				FFBE2AF81CF6E5AF001BE1C2 /* IDEA Euro 2016 */,
			);
		};
/* End PBXProject section */

/* Begin PBXResourcesBuildPhase section */
		FFBE2AF71CF6E5AF001BE1C2 /* Resources */ = {
			isa = PBXResourcesBuildPhase;
			buildActionMask = 2147483647;
			files = (
				FFC0E9D81CFC3B90003F75D3 /* Croatia.png in Resources */,
				FFC0E9E51CFC3B90003F75D3 /* Romania.png in Resources */,
				FFC0E9E31CFC3B90003F75D3 /* Portugal.png in Resources */,
				FFC0E9D01CFC3B90003F75D3 /* Banner-Slovakia.jpg in Resources */,
				FFC0E9C31CFC3B90003F75D3 /* Banner-Czech Republic.jpg in Resources */,
				FFC0E9EB1CFC3B90003F75D3 /* Turkey.png in Resources */,
				FFC0E9CB1CFC3B90003F75D3 /* Banner-Poland.jpg in Resources */,
				FFC0E9D21CFC3B90003F75D3 /* Banner-Sweden.jpg in Resources */,
				FFC0E9CC1CFC3B90003F75D3 /* Banner-Portugal.jpg in Resources */,
				FFC0E9E11CFC3B90003F75D3 /* Northern Ireland.png in Resources */,
				FFC0E9D71CFC3B90003F75D3 /* Belgium.png in Resources */,
				FFC0E9C61CFC3B90003F75D3 /* Banner-Germany.jpg in Resources */,
				FFC0E9D91CFC3B90003F75D3 /* Czech Republic.png in Resources */,
				FFC0E9DB1CFC3B90003F75D3 /* Euro-Logo.jpg in Resources */,
				FFC0E9C81CFC3B90003F75D3 /* Banner-Iceland.jpg in Resources */,
				FFC0E9DE1CFC3B90003F75D3 /* Hungary.png in Resources */,
				FFC0E9D51CFC3B90003F75D3 /* Banner-Ukraine.jpg in Resources */,
				FFC0E9CE1CFC3B90003F75D3 /* Banner-Romania.jpg in Resources */,
				FFC0E9DA1CFC3B90003F75D3 /* England.png in Resources */,
				FFC0E9C21CFC3B90003F75D3 /* Banner-Croatia.jpg in Resources */,
				FFC0E9F41CFC3EFB003F75D3 /* bg.png in Resources */,
				FFBE2B071CF6E5AF001BE1C2 /* LaunchScreen.storyboard in Resources */,
				FFC0E9C91CFC3B90003F75D3 /* Banner-Italy.jpg in Resources */,
				FFC0E9E21CFC3B90003F75D3 /* Poland.png in Resources */,
				FFC0E9DD1CFC3B90003F75D3 /* Germany.png in Resources */,
				FFC0E9D41CFC3B90003F75D3 /* Banner-Turkey.jpg in Resources */,
				FFC0E9C41CFC3B90003F75D3 /* Banner-England.jpg in Resources */,
				FFC0E9EC1CFC3B90003F75D3 /* Ukraine.png in Resources */,
				FFC0E9E81CFC3B90003F75D3 /* Spain.png in Resources */,
				FFC0E9C11CFC3B90003F75D3 /* Banner-Belgium.jpg in Resources */,
				FFC0E9CD1CFC3B90003F75D3 /* Banner-Rep of Ireland.jpg in Resources */,
				FFC0E9CF1CFC3B90003F75D3 /* Banner-Russia.jpg in Resources */,
				FFBE2B041CF6E5AF001BE1C2 /* Assets.xcassets in Resources */,
				FFC0EA041CFC6281003F75D3 /* GoogleService-Info.plist in Resources */,
				FFC0E9FA1CFC45F5003F75D3 /* ide.png in Resources */,
				FFC0E9ED1CFC3B90003F75D3 /* Wales.png in Resources */,
				FFC0E9E71CFC3B90003F75D3 /* Slovakia.png in Resources */,
				FFC0E9F81CFC442F003F75D3 /* banner.png in Resources */,
				FFC0E9BF1CFC3B90003F75D3 /* Banner-Albania.jpg in Resources */,
				FFC0E9BD1CFC3B90003F75D3 /* Albania.png in Resources */,
				FFC0E9BE1CFC3B90003F75D3 /* Austria.png in Resources */,
				FFC0E9CA1CFC3B90003F75D3 /* Banner-Northern Ireland.jpg in Resources */,
				FFC0E9E91CFC3B90003F75D3 /* Sweden.png in Resources */,
				FFC0E9C71CFC3B90003F75D3 /* Banner-Hungary.jpg in Resources */,
				FFC0E9E41CFC3B90003F75D3 /* Rep of Ireland.png in Resources */,
				FFC0E9E61CFC3B90003F75D3 /* Russia.png in Resources */,
				FFC0E9E01CFC3B90003F75D3 /* Italy.png in Resources */,
				FFC0E9EA1CFC3B90003F75D3 /* Switzerland.png in Resources */,
				FFC0E9C01CFC3B90003F75D3 /* Banner-Austria.jpg in Resources */,
				FFC0E9F61CFC4046003F75D3 /* logo.png in Resources */,
				FFC0E9EF1CFC3C29003F75D3 /* Mascotte-France-Euro-2016.png in Resources */,
				FFC0E9D61CFC3B90003F75D3 /* Banner-Wales.jpg in Resources */,
				FFC0E9DF1CFC3B90003F75D3 /* Iceland.png in Resources */,
				FFC0E9D11CFC3B90003F75D3 /* Banner-Spain.jpg in Resources */,
				FFC0E9C51CFC3B90003F75D3 /* Banner-France.jpg in Resources */,
				FFBE2B021CF6E5AF001BE1C2 /* Main.storyboard in Resources */,
				FFC0E9D31CFC3B90003F75D3 /* Banner-Switzerland.jpg in Resources */,
				FFC0E9DC1CFC3B90003F75D3 /* France.png in Resources */,
			);
			runOnlyForDeploymentPostprocessing = 0;
		};
/* End PBXResourcesBuildPhase section */

/* Begin PBXShellScriptBuildPhase section */
		4DA3A225ACA344A323849683 /* 📦 Check Pods Manifest.lock */ = {
			isa = PBXShellScriptBuildPhase;
			buildActionMask = 2147483647;
			files = (
			);
			inputPaths = (
			);
			name = "📦 Check Pods Manifest.lock";
			outputPaths = (
			);
			runOnlyForDeploymentPostprocessing = 0;
			shellPath = /bin/sh;
			shellScript = "diff \"${PODS_ROOT}/../Podfile.lock\" \"${PODS_ROOT}/Manifest.lock\" > /dev/null\nif [[ $? != 0 ]] ; then\n    cat << EOM\nerror: The sandbox is not in sync with the Podfile.lock. Run 'pod install' or update your CocoaPods installation.\nEOM\n    exit 1\nfi\n";
			showEnvVarsInLog = 0;
		};
		504A0770BAE3022B74290538 /* 📦 Embed Pods Frameworks */ = {
			isa = PBXShellScriptBuildPhase;
			buildActionMask = 2147483647;
			files = (
			);
			inputPaths = (
			);
			name = "📦 Embed Pods Frameworks";
			outputPaths = (
			);
			runOnlyForDeploymentPostprocessing = 0;
			shellPath = /bin/sh;
			shellScript = "\"${SRCROOT}/Pods/Target Support Files/Pods-IDEA Euro 2016/Pods-IDEA Euro 2016-frameworks.sh\"\n";
			showEnvVarsInLog = 0;
		};
		525ECCE0AD02EC7F38CA628A /* 📦 Copy Pods Resources */ = {
			isa = PBXShellScriptBuildPhase;
			buildActionMask = 2147483647;
			files = (
			);
			inputPaths = (
			);
			name = "📦 Copy Pods Resources";
			outputPaths = (
			);
			runOnlyForDeploymentPostprocessing = 0;
			shellPath = /bin/sh;
			shellScript = "\"${SRCROOT}/Pods/Target Support Files/Pods-IDEA Euro 2016/Pods-IDEA Euro 2016-resources.sh\"\n";
			showEnvVarsInLog = 0;
		};
/* End PBXShellScriptBuildPhase section */

/* Begin PBXSourcesBuildPhase section */
		FFBE2AF51CF6E5AF001BE1C2 /* Sources */ = {
			isa = PBXSourcesBuildPhase;
			buildActionMask = 2147483647;
			files = (
				FFC0E9FF1CFC5E85003F75D3 /* TeamsTableViewCell.swift in Sources */,
				FFBE2AFD1CF6E5AF001BE1C2 /* AppDelegate.swift in Sources */,
				FF44EBB81CFCAA0A0019DEDB /* ScheduleTableViewCell.swift in Sources */,
				FF44EBBC1CFCAF8D0019DEDB /* Match.swift in Sources */,
				FFC0E9FC1CFC4F94003F75D3 /* TeamsViewController.swift in Sources */,
				FFC0EA021CFC601F003F75D3 /* Team.swift in Sources */,
				FF44EBBA1CFCAA9C0019DEDB /* ScheduleViewController.swift in Sources */,
				FFC0E9F21CFC3C90003F75D3 /* SplashViewController.swift in Sources */,
			);
			runOnlyForDeploymentPostprocessing = 0;
		};
/* End PBXSourcesBuildPhase section */

/* Begin PBXVariantGroup section */
		FFBE2B001CF6E5AF001BE1C2 /* Main.storyboard */ = {
			isa = PBXVariantGroup;
			children = (
				FFBE2B011CF6E5AF001BE1C2 /* Base */,
			);
			name = Main.storyboard;
			sourceTree = "<group>";
		};
		FFBE2B051CF6E5AF001BE1C2 /* LaunchScreen.storyboard */ = {
			isa = PBXVariantGroup;
			children = (
				FFBE2B061CF6E5AF001BE1C2 /* Base */,
			);
			name = LaunchScreen.storyboard;
			sourceTree = "<group>";
		};
/* End PBXVariantGroup section */

/* Begin XCBuildConfiguration section */
		FFBE2B091CF6E5AF001BE1C2 /* Debug */ = {
			isa = XCBuildConfiguration;
			buildSettings = {
				ALWAYS_SEARCH_USER_PATHS = NO;
				CLANG_ANALYZER_NONNULL = YES;
				CLANG_CXX_LANGUAGE_STANDARD = "gnu++0x";
				CLANG_CXX_LIBRARY = "libc++";
				CLANG_ENABLE_MODULES = YES;
				CLANG_ENABLE_OBJC_ARC = YES;
				CLANG_WARN_BOOL_CONVERSION = YES;
				CLANG_WARN_CONSTANT_CONVERSION = YES;
				CLANG_WARN_DIRECT_OBJC_ISA_USAGE = YES_ERROR;
				CLANG_WARN_EMPTY_BODY = YES;
				CLANG_WARN_ENUM_CONVERSION = YES;
				CLANG_WARN_INT_CONVERSION = YES;
				CLANG_WARN_OBJC_ROOT_CLASS = YES_ERROR;
				CLANG_WARN_UNREACHABLE_CODE = YES;
				CLANG_WARN__DUPLICATE_METHOD_MATCH = YES;
				"CODE_SIGN_IDENTITY[sdk=iphoneos*]" = "iPhone Developer";
				COPY_PHASE_STRIP = NO;
				DEBUG_INFORMATION_FORMAT = dwarf;
				ENABLE_STRICT_OBJC_MSGSEND = YES;
				ENABLE_TESTABILITY = YES;
				GCC_C_LANGUAGE_STANDARD = gnu99;
				GCC_DYNAMIC_NO_PIC = NO;
				GCC_NO_COMMON_BLOCKS = YES;
				GCC_OPTIMIZATION_LEVEL = 0;
				GCC_PREPROCESSOR_DEFINITIONS = (
					"DEBUG=1",
					"$(inherited)",
				);
				GCC_WARN_64_TO_32_BIT_CONVERSION = YES;
				GCC_WARN_ABOUT_RETURN_TYPE = YES_ERROR;
				GCC_WARN_UNDECLARED_SELECTOR = YES;
				GCC_WARN_UNINITIALIZED_AUTOS = YES_AGGRESSIVE;
				GCC_WARN_UNUSED_FUNCTION = YES;
				GCC_WARN_UNUSED_VARIABLE = YES;
				IPHONEOS_DEPLOYMENT_TARGET = 9.3;
				MTL_ENABLE_DEBUG_INFO = YES;
				ONLY_ACTIVE_ARCH = YES;
				SDKROOT = iphoneos;
				SWIFT_OPTIMIZATION_LEVEL = "-Onone";
			};
			name = Debug;
		};
		FFBE2B0A1CF6E5AF001BE1C2 /* Release */ = {
			isa = XCBuildConfiguration;
			buildSettings = {
				ALWAYS_SEARCH_USER_PATHS = NO;
				CLANG_ANALYZER_NONNULL = YES;
				CLANG_CXX_LANGUAGE_STANDARD = "gnu++0x";
				CLANG_CXX_LIBRARY = "libc++";
				CLANG_ENABLE_MODULES = YES;
				CLANG_ENABLE_OBJC_ARC = YES;
				CLANG_WARN_BOOL_CONVERSION = YES;
				CLANG_WARN_CONSTANT_CONVERSION = YES;
				CLANG_WARN_DIRECT_OBJC_ISA_USAGE = YES_ERROR;
				CLANG_WARN_EMPTY_BODY = YES;
				CLANG_WARN_ENUM_CONVERSION = YES;
				CLANG_WARN_INT_CONVERSION = YES;
				CLANG_WARN_OBJC_ROOT_CLASS = YES_ERROR;
				CLANG_WARN_UNREACHABLE_CODE = YES;
				CLANG_WARN__DUPLICATE_METHOD_MATCH = YES;
				"CODE_SIGN_IDENTITY[sdk=iphoneos*]" = "iPhone Developer";
				COPY_PHASE_STRIP = NO;
				DEBUG_INFORMATION_FORMAT = "dwarf-with-dsym";
				ENABLE_NS_ASSERTIONS = NO;
				ENABLE_STRICT_OBJC_MSGSEND = YES;
				GCC_C_LANGUAGE_STANDARD = gnu99;
				GCC_NO_COMMON_BLOCKS = YES;
				GCC_WARN_64_TO_32_BIT_CONVERSION = YES;
				GCC_WARN_ABOUT_RETURN_TYPE = YES_ERROR;
				GCC_WARN_UNDECLARED_SELECTOR = YES;
				GCC_WARN_UNINITIALIZED_AUTOS = YES_AGGRESSIVE;
				GCC_WARN_UNUSED_FUNCTION = YES;
				GCC_WARN_UNUSED_VARIABLE = YES;
				IPHONEOS_DEPLOYMENT_TARGET = 9.3;
				MTL_ENABLE_DEBUG_INFO = NO;
				SDKROOT = iphoneos;
				VALIDATE_PRODUCT = YES;
			};
			name = Release;
		};
		FFBE2B0C1CF6E5AF001BE1C2 /* Debug */ = {
			isa = XCBuildConfiguration;
			baseConfigurationReference = B46520088895ED5876DC9F97 /* Pods-IDEA Euro 2016.debug.xcconfig */;
			buildSettings = {
				ASSETCATALOG_COMPILER_APPICON_NAME = Euro;
				INFOPLIST_FILE = "IDEA Euro 2016/Info.plist";
				IPHONEOS_DEPLOYMENT_TARGET = 8.0;
				LD_RUNPATH_SEARCH_PATHS = "$(inherited) @executable_path/Frameworks";
				PRODUCT_BUNDLE_IDENTIFIER = "com.idea.IDEA-Euro-2016";
				PRODUCT_NAME = "$(TARGET_NAME)";
			};
			name = Debug;
		};
		FFBE2B0D1CF6E5AF001BE1C2 /* Release */ = {
			isa = XCBuildConfiguration;
			baseConfigurationReference = 1006B649AA531C56F803EA6F /* Pods-IDEA Euro 2016.release.xcconfig */;
			buildSettings = {
				ASSETCATALOG_COMPILER_APPICON_NAME = Euro;
				INFOPLIST_FILE = "IDEA Euro 2016/Info.plist";
				IPHONEOS_DEPLOYMENT_TARGET = 8.0;
				LD_RUNPATH_SEARCH_PATHS = "$(inherited) @executable_path/Frameworks";
				PRODUCT_BUNDLE_IDENTIFIER = "com.idea.IDEA-Euro-2016";
				PRODUCT_NAME = "$(TARGET_NAME)";
			};
			name = Release;
		};
/* End XCBuildConfiguration section */

/* Begin XCConfigurationList section */
		FFBE2AF41CF6E5AF001BE1C2 /* Build configuration list for PBXProject "IDEA Euro 2016" */ = {
			isa = XCConfigurationList;
			buildConfigurations = (
				FFBE2B091CF6E5AF001BE1C2 /* Debug */,
				FFBE2B0A1CF6E5AF001BE1C2 /* Release */,
			);
			defaultConfigurationIsVisible = 0;
			defaultConfigurationName = Release;
		};
		FFBE2B0B1CF6E5AF001BE1C2 /* Build configuration list for PBXNativeTarget "IDEA Euro 2016" */ = {
			isa = XCConfigurationList;
			buildConfigurations = (
				FFBE2B0C1CF6E5AF001BE1C2 /* Debug */,
				FFBE2B0D1CF6E5AF001BE1C2 /* Release */,
			);
			defaultConfigurationIsVisible = 0;
			defaultConfigurationName = Release;
		};
/* End XCConfigurationList section */
	};
	rootObject = FFBE2AF11CF6E5AF001BE1C2 /* Project object */;
}
